// !$*UTF8*$!
{
	archiveVersion = 1;
	classes = {
	};
	objectVersion = 50;
	objects = {

/* Begin PBXBuildFile section */
		68ED7608247D7E050013928D /* AppDelegate.swift in Sources */ = {isa = PBXBuildFile; fileRef = 68ED7607247D7E050013928D /* AppDelegate.swift */; };
		68ED760A247D7E050013928D /* SceneDelegate.swift in Sources */ = {isa = PBXBuildFile; fileRef = 68ED7609247D7E050013928D /* SceneDelegate.swift */; };
		68ED760C247D7E050013928D /* ViewController.swift in Sources */ = {isa = PBXBuildFile; fileRef = 68ED760B247D7E050013928D /* ViewController.swift */; };
		68ED760F247D7E050013928D /* Main.storyboard in Resources */ = {isa = PBXBuildFile; fileRef = 68ED760D247D7E050013928D /* Main.storyboard */; };
		68ED7611247D7E060013928D /* Assets.xcassets in Resources */ = {isa = PBXBuildFile; fileRef = 68ED7610247D7E060013928D /* Assets.xcassets */; };
		68ED7614247D7E060013928D /* LaunchScreen.storyboard in Resources */ = {isa = PBXBuildFile; fileRef = 68ED7612247D7E060013928D /* LaunchScreen.storyboard */; };
		68ED761F247D7E060013928D /* PlacezzTests.swift in Sources */ = {isa = PBXBuildFile; fileRef = 68ED761E247D7E060013928D /* PlacezzTests.swift */; };
		68ED762A247D7E060013928D /* PlacezzUITests.swift in Sources */ = {isa = PBXBuildFile; fileRef = 68ED7629247D7E060013928D /* PlacezzUITests.swift */; };
/* End PBXBuildFile section */

/* Begin PBXContainerItemProxy section */
		68ED761B247D7E060013928D /* PBXContainerItemProxy */ = {
			isa = PBXContainerItemProxy;
			containerPortal = 68ED75FC247D7E050013928D /* Project object */;
			proxyType = 1;
			remoteGlobalIDString = 68ED7603247D7E050013928D;
			remoteInfo = Placezz;
		};
		68ED7626247D7E060013928D /* PBXContainerItemProxy */ = {
			isa = PBXContainerItemProxy;
			containerPortal = 68ED75FC247D7E050013928D /* Project object */;
			proxyType = 1;
			remoteGlobalIDString = 68ED7603247D7E050013928D;
			remoteInfo = Placezz;
		};
/* End PBXContainerItemProxy section */

/* Begin PBXFileReference section */
		68ED7604247D7E050013928D /* Placezz.app */ = {isa = PBXFileReference; explicitFileType = wrapper.application; includeInIndex = 0; path = Placezz.app; sourceTree = BUILT_PRODUCTS_DIR; };
		68ED7607247D7E050013928D /* AppDelegate.swift */ = {isa = PBXFileReference; lastKnownFileType = sourcecode.swift; path = AppDelegate.swift; sourceTree = "<group>"; };
		68ED7609247D7E050013928D /* SceneDelegate.swift */ = {isa = PBXFileReference; lastKnownFileType = sourcecode.swift; path = SceneDelegate.swift; sourceTree = "<group>"; };
		68ED760B247D7E050013928D /* ViewController.swift */ = {isa = PBXFileReference; lastKnownFileType = sourcecode.swift; path = ViewController.swift; sourceTree = "<group>"; };
		68ED760E247D7E050013928D /* Base */ = {isa = PBXFileReference; lastKnownFileType = file.storyboard; name = Base; path = Base.lproj/Main.storyboard; sourceTree = "<group>"; };
		68ED7610247D7E060013928D /* Assets.xcassets */ = {isa = PBXFileReference; lastKnownFileType = folder.assetcatalog; path = Assets.xcassets; sourceTree = "<group>"; };
		68ED7613247D7E060013928D /* Base */ = {isa = PBXFileReference; lastKnownFileType = file.storyboard; name = Base; path = Base.lproj/LaunchScreen.storyboard; sourceTree = "<group>"; };
		68ED7615247D7E060013928D /* Info.plist */ = {isa = PBXFileReference; lastKnownFileType = text.plist.xml; path = Info.plist; sourceTree = "<group>"; };
		68ED761A247D7E060013928D /* PlacezzTests.xctest */ = {isa = PBXFileReference; explicitFileType = wrapper.cfbundle; includeInIndex = 0; path = PlacezzTests.xctest; sourceTree = BUILT_PRODUCTS_DIR; };
		68ED761E247D7E060013928D /* PlacezzTests.swift */ = {isa = PBXFileReference; lastKnownFileType = sourcecode.swift; path = PlacezzTests.swift; sourceTree = "<group>"; };
		68ED7620247D7E060013928D /* Info.plist */ = {isa = PBXFileReference; lastKnownFileType = text.plist.xml; path = Info.plist; sourceTree = "<group>"; };
		68ED7625247D7E060013928D /* PlacezzUITests.xctest */ = {isa = PBXFileReference; explicitFileType = wrapper.cfbundle; includeInIndex = 0; path = PlacezzUITests.xctest; sourceTree = BUILT_PRODUCTS_DIR; };
		68ED7629247D7E060013928D /* PlacezzUITests.swift */ = {isa = PBXFileReference; lastKnownFileType = sourcecode.swift; path = PlacezzUITests.swift; sourceTree = "<group>"; };
		68ED762B247D7E060013928D /* Info.plist */ = {isa = PBXFileReference; lastKnownFileType = text.plist.xml; path = Info.plist; sourceTree = "<group>"; };
/* End PBXFileReference section */

/* Begin PBXFrameworksBuildPhase section */
		68ED7601247D7E050013928D /* Frameworks */ = {
			isa = PBXFrameworksBuildPhase;
			buildActionMask = 2147483647;
			files = (
			);
			runOnlyForDeploymentPostprocessing = 0;
		};
		68ED7617247D7E060013928D /* Frameworks */ = {
			isa = PBXFrameworksBuildPhase;
			buildActionMask = 2147483647;
			files = (
			);
			runOnlyForDeploymentPostprocessing = 0;
		};
		68ED7622247D7E060013928D /* Frameworks */ = {
			isa = PBXFrameworksBuildPhase;
			buildActionMask = 2147483647;
			files = (
			);
			runOnlyForDeploymentPostprocessing = 0;
		};
/* End PBXFrameworksBuildPhase section */

/* Begin PBXGroup section */
		68ED75FB247D7E050013928D = {
			isa = PBXGroup;
			children = (
				68ED7606247D7E050013928D /* Placezz */,
				68ED761D247D7E060013928D /* PlacezzTests */,
				68ED7628247D7E060013928D /* PlacezzUITests */,
				68ED7605247D7E050013928D /* Products */,
			);
			sourceTree = "<group>";
		};
		68ED7605247D7E050013928D /* Products */ = {
			isa = PBXGroup;
			children = (
				68ED7604247D7E050013928D /* Placezz.app */,
				68ED761A247D7E060013928D /* PlacezzTests.xctest */,
				68ED7625247D7E060013928D /* PlacezzUITests.xctest */,
			);
			name = Products;
			sourceTree = "<group>";
		};
		68ED7606247D7E050013928D /* Placezz */ = {
			isa = PBXGroup;
			children = (
				68ED7607247D7E050013928D /* AppDelegate.swift */,
				68ED7609247D7E050013928D /* SceneDelegate.swift */,
				68ED760B247D7E050013928D /* ViewController.swift */,
				68ED760D247D7E050013928D /* Main.storyboard */,
				68ED7610247D7E060013928D /* Assets.xcassets */,
				68ED7612247D7E060013928D /* LaunchScreen.storyboard */,
				68ED7615247D7E060013928D /* Info.plist */,
			);
			path = Placezz;
			sourceTree = "<group>";
		};
		68ED761D247D7E060013928D /* PlacezzTests */ = {
			isa = PBXGroup;
			children = (
				68ED761E247D7E060013928D /* PlacezzTests.swift */,
				68ED7620247D7E060013928D /* Info.plist */,
			);
			path = PlacezzTests;
			sourceTree = "<group>";
		};
		68ED7628247D7E060013928D /* PlacezzUITests */ = {
			isa = PBXGroup;
			children = (
				68ED7629247D7E060013928D /* PlacezzUITests.swift */,
				68ED762B247D7E060013928D /* Info.plist */,
			);
			path = PlacezzUITests;
			sourceTree = "<group>";
		};
/* End PBXGroup section */

/* Begin PBXNativeTarget section */
		68ED7603247D7E050013928D /* Placezz */ = {
			isa = PBXNativeTarget;
			buildConfigurationList = 68ED762E247D7E060013928D /* Build configuration list for PBXNativeTarget "Placezz" */;
			buildPhases = (
				68ED7600247D7E050013928D /* Sources */,
				68ED7601247D7E050013928D /* Frameworks */,
				68ED7602247D7E050013928D /* Resources */,
			);
			buildRules = (
			);
			dependencies = (
			);
			name = Placezz;
			productName = Placezz;
			productReference = 68ED7604247D7E050013928D /* Placezz.app */;
			productType = "com.apple.product-type.application";
		};
		68ED7619247D7E060013928D /* PlacezzTests */ = {
			isa = PBXNativeTarget;
			buildConfigurationList = 68ED7631247D7E060013928D /* Build configuration list for PBXNativeTarget "PlacezzTests" */;
			buildPhases = (
				68ED7616247D7E060013928D /* Sources */,
				68ED7617247D7E060013928D /* Frameworks */,
				68ED7618247D7E060013928D /* Resources */,
			);
			buildRules = (
			);
			dependencies = (
				68ED761C247D7E060013928D /* PBXTargetDependency */,
			);
			name = PlacezzTests;
			productName = PlacezzTests;
			productReference = 68ED761A247D7E060013928D /* PlacezzTests.xctest */;
			productType = "com.apple.product-type.bundle.unit-test";
		};
		68ED7624247D7E060013928D /* PlacezzUITests */ = {
			isa = PBXNativeTarget;
			buildConfigurationList = 68ED7634247D7E060013928D /* Build configuration list for PBXNativeTarget "PlacezzUITests" */;
			buildPhases = (
				68ED7621247D7E060013928D /* Sources */,
				68ED7622247D7E060013928D /* Frameworks */,
				68ED7623247D7E060013928D /* Resources */,
			);
			buildRules = (
			);
			dependencies = (
				68ED7627247D7E060013928D /* PBXTargetDependency */,
			);
			name = PlacezzUITests;
			productName = PlacezzUITests;
			productReference = 68ED7625247D7E060013928D /* PlacezzUITests.xctest */;
			productType = "com.apple.product-type.bundle.ui-testing";
		};
/* End PBXNativeTarget section */

/* Begin PBXProject section */
		68ED75FC247D7E050013928D /* Project object */ = {
			isa = PBXProject;
			attributes = {
				LastSwiftUpdateCheck = 1150;
				LastUpgradeCheck = 1150;
				ORGANIZATIONNAME = "Russell Archer";
				TargetAttributes = {
					68ED7603247D7E050013928D = {
						CreatedOnToolsVersion = 11.5;
					};
					68ED7619247D7E060013928D = {
						CreatedOnToolsVersion = 11.5;
						TestTargetID = 68ED7603247D7E050013928D;
					};
					68ED7624247D7E060013928D = {
						CreatedOnToolsVersion = 11.5;
						TestTargetID = 68ED7603247D7E050013928D;
					};
				};
			};
			buildConfigurationList = 68ED75FF247D7E050013928D /* Build configuration list for PBXProject "Placezz" */;
			compatibilityVersion = "Xcode 9.3";
			developmentRegion = en;
			hasScannedForEncodings = 0;
			knownRegions = (
				en,
				Base,
			);
			mainGroup = 68ED75FB247D7E050013928D;
			productRefGroup = 68ED7605247D7E050013928D /* Products */;
			projectDirPath = "";
			projectRoot = "";
			targets = (
				68ED7603247D7E050013928D /* Placezz */,
				68ED7619247D7E060013928D /* PlacezzTests */,
				68ED7624247D7E060013928D /* PlacezzUITests */,
			);
		};
/* End PBXProject section */

/* Begin PBXResourcesBuildPhase section */
		68ED7602247D7E050013928D /* Resources */ = {
			isa = PBXResourcesBuildPhase;
			buildActionMask = 2147483647;
			files = (
				68ED7614247D7E060013928D /* LaunchScreen.storyboard in Resources */,
				68ED7611247D7E060013928D /* Assets.xcassets in Resources */,
				68ED760F247D7E050013928D /* Main.storyboard in Resources */,
			);
			runOnlyForDeploymentPostprocessing = 0;
		};
		68ED7618247D7E060013928D /* Resources */ = {
			isa = PBXResourcesBuildPhase;
			buildActionMask = 2147483647;
			files = (
			);
			runOnlyForDeploymentPostprocessing = 0;
		};
		68ED7623247D7E060013928D /* Resources */ = {
			isa = PBXResourcesBuildPhase;
			buildActionMask = 2147483647;
			files = (
			);
			runOnlyForDeploymentPostprocessing = 0;
		};
/* End PBXResourcesBuildPhase section */

/* Begin PBXSourcesBuildPhase section */
		68ED7600247D7E050013928D /* Sources */ = {
			isa = PBXSourcesBuildPhase;
			buildActionMask = 2147483647;
			files = (
				68ED760C247D7E050013928D /* ViewController.swift in Sources */,
				68ED7608247D7E050013928D /* AppDelegate.swift in Sources */,
				68ED760A247D7E050013928D /* SceneDelegate.swift in Sources */,
			);
			runOnlyForDeploymentPostprocessing = 0;
		};
		68ED7616247D7E060013928D /* Sources */ = {
			isa = PBXSourcesBuildPhase;
			buildActionMask = 2147483647;
			files = (
				68ED761F247D7E060013928D /* PlacezzTests.swift in Sources */,
			);
			runOnlyForDeploymentPostprocessing = 0;
		};
		68ED7621247D7E060013928D /* Sources */ = {
			isa = PBXSourcesBuildPhase;
			buildActionMask = 2147483647;
			files = (
				68ED762A247D7E060013928D /* PlacezzUITests.swift in Sources */,
			);
			runOnlyForDeploymentPostprocessing = 0;
		};
/* End PBXSourcesBuildPhase section */

/* Begin PBXTargetDependency section */
		68ED761C247D7E060013928D /* PBXTargetDependency */ = {
			isa = PBXTargetDependency;
			target = 68ED7603247D7E050013928D /* Placezz */;
			targetProxy = 68ED761B247D7E060013928D /* PBXContainerItemProxy */;
		};
		68ED7627247D7E060013928D /* PBXTargetDependency */ = {
			isa = PBXTargetDependency;
			target = 68ED7603247D7E050013928D /* Placezz */;
			targetProxy = 68ED7626247D7E060013928D /* PBXContainerItemProxy */;
		};
/* End PBXTargetDependency section */

/* Begin PBXVariantGroup section */
		68ED760D247D7E050013928D /* Main.storyboard */ = {
			isa = PBXVariantGroup;
			children = (
				68ED760E247D7E050013928D /* Base */,
			);
			name = Main.storyboard;
			sourceTree = "<group>";
		};
		68ED7612247D7E060013928D /* LaunchScreen.storyboard */ = {
			isa = PBXVariantGroup;
			children = (
				68ED7613247D7E060013928D /* Base */,
			);
			name = LaunchScreen.storyboard;
			sourceTree = "<group>";
		};
/* End PBXVariantGroup section */

/* Begin XCBuildConfiguration section */
		68ED762C247D7E060013928D /* Debug */ = {
			isa = XCBuildConfiguration;
			buildSettings = {
				ALWAYS_SEARCH_USER_PATHS = NO;
				CLANG_ANALYZER_NONNULL = YES;
				CLANG_ANALYZER_NUMBER_OBJECT_CONVERSION = YES_AGGRESSIVE;
				CLANG_CXX_LANGUAGE_STANDARD = "gnu++14";
				CLANG_CXX_LIBRARY = "libc++";
				CLANG_ENABLE_MODULES = YES;
				CLANG_ENABLE_OBJC_ARC = YES;
				CLANG_ENABLE_OBJC_WEAK = YES;
				CLANG_WARN_BLOCK_CAPTURE_AUTORELEASING = YES;
				CLANG_WARN_BOOL_CONVERSION = YES;
				CLANG_WARN_COMMA = YES;
				CLANG_WARN_CONSTANT_CONVERSION = YES;
				CLANG_WARN_DEPRECATED_OBJC_IMPLEMENTATIONS = YES;
				CLANG_WARN_DIRECT_OBJC_ISA_USAGE = YES_ERROR;
				CLANG_WARN_DOCUMENTATION_COMMENTS = YES;
				CLANG_WARN_EMPTY_BODY = YES;
				CLANG_WARN_ENUM_CONVERSION = YES;
				CLANG_WARN_INFINITE_RECURSION = YES;
				CLANG_WARN_INT_CONVERSION = YES;
				CLANG_WARN_NON_LITERAL_NULL_CONVERSION = YES;
				CLANG_WARN_OBJC_IMPLICIT_RETAIN_SELF = YES;
				CLANG_WARN_OBJC_LITERAL_CONVERSION = YES;
				CLANG_WARN_OBJC_ROOT_CLASS = YES_ERROR;
				CLANG_WARN_RANGE_LOOP_ANALYSIS = YES;
				CLANG_WARN_STRICT_PROTOTYPES = YES;
				CLANG_WARN_SUSPICIOUS_MOVE = YES;
				CLANG_WARN_UNGUARDED_AVAILABILITY = YES_AGGRESSIVE;
				CLANG_WARN_UNREACHABLE_CODE = YES;
				CLANG_WARN__DUPLICATE_METHOD_MATCH = YES;
				COPY_PHASE_STRIP = NO;
				DEBUG_INFORMATION_FORMAT = dwarf;
				ENABLE_STRICT_OBJC_MSGSEND = YES;
				ENABLE_TESTABILITY = YES;
				GCC_C_LANGUAGE_STANDARD = gnu11;
				GCC_DYNAMIC_NO_PIC = NO;
				GCC_NO_COMMON_BLOCKS = YES;
				GCC_OPTIMIZATION_LEVEL = 0;
				GCC_PREPROCESSOR_DEFINITIONS = (
					"DEBUG=1",
					"$(inherited)",
				);
				GCC_WARN_64_TO_32_BIT_CONVERSION = YES;
				GCC_WARN_ABOUT_RETURN_TYPE = YES_ERROR;
				GCC_WARN_UNDECLARED_SELECTOR = YES;
				GCC_WARN_UNINITIALIZED_AUTOS = YES_AGGRESSIVE;
				GCC_WARN_UNUSED_FUNCTION = YES;
				GCC_WARN_UNUSED_VARIABLE = YES;
				IPHONEOS_DEPLOYMENT_TARGET = 13.5;
				MTL_ENABLE_DEBUG_INFO = INCLUDE_SOURCE;
				MTL_FAST_MATH = YES;
				ONLY_ACTIVE_ARCH = YES;
				SDKROOT = iphoneos;
				SWIFT_ACTIVE_COMPILATION_CONDITIONS = DEBUG;
				SWIFT_OPTIMIZATION_LEVEL = "-Onone";
			};
			name = Debug;
		};
		68ED762D247D7E060013928D /* Release */ = {
			isa = XCBuildConfiguration;
			buildSettings = {
				ALWAYS_SEARCH_USER_PATHS = NO;
				CLANG_ANALYZER_NONNULL = YES;
				CLANG_ANALYZER_NUMBER_OBJECT_CONVERSION = YES_AGGRESSIVE;
				CLANG_CXX_LANGUAGE_STANDARD = "gnu++14";
				CLANG_CXX_LIBRARY = "libc++";
				CLANG_ENABLE_MODULES = YES;
				CLANG_ENABLE_OBJC_ARC = YES;
				CLANG_ENABLE_OBJC_WEAK = YES;
				CLANG_WARN_BLOCK_CAPTURE_AUTORELEASING = YES;
				CLANG_WARN_BOOL_CONVERSION = YES;
				CLANG_WARN_COMMA = YES;
				CLANG_WARN_CONSTANT_CONVERSION = YES;
				CLANG_WARN_DEPRECATED_OBJC_IMPLEMENTATIONS = YES;
				CLANG_WARN_DIRECT_OBJC_ISA_USAGE = YES_ERROR;
				CLANG_WARN_DOCUMENTATION_COMMENTS = YES;
				CLANG_WARN_EMPTY_BODY = YES;
				CLANG_WARN_ENUM_CONVERSION = YES;
				CLANG_WARN_INFINITE_RECURSION = YES;
				CLANG_WARN_INT_CONVERSION = YES;
				CLANG_WARN_NON_LITERAL_NULL_CONVERSION = YES;
				CLANG_WARN_OBJC_IMPLICIT_RETAIN_SELF = YES;
				CLANG_WARN_OBJC_LITERAL_CONVERSION = YES;
				CLANG_WARN_OBJC_ROOT_CLASS = YES_ERROR;
				CLANG_WARN_RANGE_LOOP_ANALYSIS = YES;
				CLANG_WARN_STRICT_PROTOTYPES = YES;
				CLANG_WARN_SUSPICIOUS_MOVE = YES;
				CLANG_WARN_UNGUARDED_AVAILABILITY = YES_AGGRESSIVE;
				CLANG_WARN_UNREACHABLE_CODE = YES;
				CLANG_WARN__DUPLICATE_METHOD_MATCH = YES;
				COPY_PHASE_STRIP = NO;
				DEBUG_INFORMATION_FORMAT = "dwarf-with-dsym";
				ENABLE_NS_ASSERTIONS = NO;
				ENABLE_STRICT_OBJC_MSGSEND = YES;
				GCC_C_LANGUAGE_STANDARD = gnu11;
				GCC_NO_COMMON_BLOCKS = YES;
				GCC_WARN_64_TO_32_BIT_CONVERSION = YES;
				GCC_WARN_ABOUT_RETURN_TYPE = YES_ERROR;
				GCC_WARN_UNDECLARED_SELECTOR = YES;
				GCC_WARN_UNINITIALIZED_AUTOS = YES_AGGRESSIVE;
				GCC_WARN_UNUSED_FUNCTION = YES;
				GCC_WARN_UNUSED_VARIABLE = YES;
				IPHONEOS_DEPLOYMENT_TARGET = 13.5;
				MTL_ENABLE_DEBUG_INFO = NO;
				MTL_FAST_MATH = YES;
				SDKROOT = iphoneos;
				SWIFT_COMPILATION_MODE = wholemodule;
				SWIFT_OPTIMIZATION_LEVEL = "-O";
				VALIDATE_PRODUCT = YES;
			};
			name = Release;
		};
		68ED762F247D7E060013928D /* Debug */ = {
			isa = XCBuildConfiguration;
			buildSettings = {
				ASSETCATALOG_COMPILER_APPICON_NAME = AppIcon;
				CODE_SIGN_STYLE = Automatic;
				DEVELOPMENT_TEAM = R6BE99W3FU;
				INFOPLIST_FILE = Placezz/Info.plist;
				LD_RUNPATH_SEARCH_PATHS = (
					"$(inherited)",
					"@executable_path/Frameworks",
				);
				PRODUCT_BUNDLE_IDENTIFIER = com.rarcher.Placezz;
				PRODUCT_NAME = "$(TARGET_NAME)";
				SWIFT_VERSION = 5.0;
				TARGETED_DEVICE_FAMILY = "1,2";
			};
			name = Debug;
		};
		68ED7630247D7E060013928D /* Release */ = {
			isa = XCBuildConfiguration;
			buildSettings = {
				ASSETCATALOG_COMPILER_APPICON_NAME = AppIcon;
				CODE_SIGN_STYLE = Automatic;
				DEVELOPMENT_TEAM = R6BE99W3FU;
				INFOPLIST_FILE = Placezz/Info.plist;
				LD_RUNPATH_SEARCH_PATHS = (
					"$(inherited)",
					"@executable_path/Frameworks",
				);
				PRODUCT_BUNDLE_IDENTIFIER = com.rarcher.Placezz;
				PRODUCT_NAME = "$(TARGET_NAME)";
				SWIFT_VERSION = 5.0;
				TARGETED_DEVICE_FAMILY = "1,2";
			};
			name = Release;
		};
		68ED7632247D7E060013928D /* Debug */ = {
			isa = XCBuildConfiguration;
			buildSettings = {
				ALWAYS_EMBED_SWIFT_STANDARD_LIBRARIES = YES;
				BUNDLE_LOADER = "$(TEST_HOST)";
				CODE_SIGN_STYLE = Automatic;
				DEVELOPMENT_TEAM = R6BE99W3FU;
				INFOPLIST_FILE = PlacezzTests/Info.plist;
				IPHONEOS_DEPLOYMENT_TARGET = 13.5;
				LD_RUNPATH_SEARCH_PATHS = (
					"$(inherited)",
					"@executable_path/Frameworks",
					"@loader_path/Frameworks",
				);
				PRODUCT_BUNDLE_IDENTIFIER = com.rarcher.PlacezzTests;
				PRODUCT_NAME = "$(TARGET_NAME)";
				SWIFT_VERSION = 5.0;
				TARGETED_DEVICE_FAMILY = "1,2";
				TEST_HOST = "$(BUILT_PRODUCTS_DIR)/Placezz.app/Placezz";
			};
			name = Debug;
		};
		68ED7633247D7E060013928D /* Release */ = {
			isa = XCBuildConfiguration;
			buildSettings = {
				ALWAYS_EMBED_SWIFT_STANDARD_LIBRARIES = YES;
				BUNDLE_LOADER = "$(TEST_HOST)";
				CODE_SIGN_STYLE = Automatic;
				DEVELOPMENT_TEAM = R6BE99W3FU;
				INFOPLIST_FILE = PlacezzTests/Info.plist;
				IPHONEOS_DEPLOYMENT_TARGET = 13.5;
				LD_RUNPATH_SEARCH_PATHS = (
					"$(inherited)",
					"@executable_path/Frameworks",
					"@loader_path/Frameworks",
				);
				PRODUCT_BUNDLE_IDENTIFIER = com.rarcher.PlacezzTests;
				PRODUCT_NAME = "$(TARGET_NAME)";
				SWIFT_VERSION = 5.0;
				TARGETED_DEVICE_FAMILY = "1,2";
				TEST_HOST = "$(BUILT_PRODUCTS_DIR)/Placezz.app/Placezz";
			};
			name = Release;
		};
		68ED7635247D7E060013928D /* Debug */ = {
			isa = XCBuildConfiguration;
			buildSettings = {
				ALWAYS_EMBED_SWIFT_STANDARD_LIBRARIES = YES;
				CODE_SIGN_STYLE = Automatic;
				DEVELOPMENT_TEAM = R6BE99W3FU;
				INFOPLIST_FILE = PlacezzUITests/Info.plist;
				LD_RUNPATH_SEARCH_PATHS = (
					"$(inherited)",
					"@executable_path/Frameworks",
					"@loader_path/Frameworks",
				);
				PRODUCT_BUNDLE_IDENTIFIER = com.rarcher.PlacezzUITests;
				PRODUCT_NAME = "$(TARGET_NAME)";
				SWIFT_VERSION = 5.0;
				TARGETED_DEVICE_FAMILY = "1,2";
				TEST_TARGET_NAME = Placezz;
			};
			name = Debug;
		};
		68ED7636247D7E060013928D /* Release */ = {
			isa = XCBuildConfiguration;
			buildSettings = {
				ALWAYS_EMBED_SWIFT_STANDARD_LIBRARIES = YES;
				CODE_SIGN_STYLE = Automatic;
				DEVELOPMENT_TEAM = R6BE99W3FU;
				INFOPLIST_FILE = PlacezzUITests/Info.plist;
				LD_RUNPATH_SEARCH_PATHS = (
					"$(inherited)",
					"@executable_path/Frameworks",
					"@loader_path/Frameworks",
				);
				PRODUCT_BUNDLE_IDENTIFIER = com.rarcher.PlacezzUITests;
				PRODUCT_NAME = "$(TARGET_NAME)";
				SWIFT_VERSION = 5.0;
				TARGETED_DEVICE_FAMILY = "1,2";
				TEST_TARGET_NAME = Placezz;
			};
			name = Release;
		};
/* End XCBuildConfiguration section */

/* Begin XCConfigurationList section */
		68ED75FF247D7E050013928D /* Build configuration list for PBXProject "Placezz" */ = {
			isa = XCConfigurationList;
			buildConfigurations = (
				68ED762C247D7E060013928D /* Debug */,
				68ED762D247D7E060013928D /* Release */,
			);
			defaultConfigurationIsVisible = 0;
			defaultConfigurationName = Release;
		};
		68ED762E247D7E060013928D /* Build configuration list for PBXNativeTarget "Placezz" */ = {
			isa = XCConfigurationList;
			buildConfigurations = (
				68ED762F247D7E060013928D /* Debug */,
				68ED7630247D7E060013928D /* Release */,
			);
			defaultConfigurationIsVisible = 0;
			defaultConfigurationName = Release;
		};
		68ED7631247D7E060013928D /* Build configuration list for PBXNativeTarget "PlacezzTests" */ = {
			isa = XCConfigurationList;
			buildConfigurations = (
				68ED7632247D7E060013928D /* Debug */,
				68ED7633247D7E060013928D /* Release */,
			);
			defaultConfigurationIsVisible = 0;
			defaultConfigurationName = Release;
		};
		68ED7634247D7E060013928D /* Build configuration list for PBXNativeTarget "PlacezzUITests" */ = {
			isa = XCConfigurationList;
			buildConfigurations = (
				68ED7635247D7E060013928D /* Debug */,
				68ED7636247D7E060013928D /* Release */,
			);
			defaultConfigurationIsVisible = 0;
			defaultConfigurationName = Release;
		};
/* End XCConfigurationList section */
	};
	rootObject = 68ED75FC247D7E050013928D /* Project object */;
}
